# Generated by buf. DO NOT EDIT.
version: v1
deps:
  - remote: buf.build
    owner: cosmos
    repository: cosmos-proto
    commit: 1935555c206d4afb9e94615dfd0fad31
  - remote: buf.build
    owner: cosmos
    repository: cosmos-sdk
    commit: 75dc16deded14645849def5f6f454243
  - remote: buf.build
    owner: cosmos
    repository: gogo-proto
    commit: 5e5b9fdd01804356895f8f79a6f1ddc1
  - remote: buf.build
    owner: googleapis
    repository: googleapis
    commit: 28151c0d0a1641bf938a7672c500e01d
  - remote: buf.build
    owner: protocolbuffers
    repository: wellknowntypes
    commit: 657250e6a39648cbb169d079a60bd9ba
